
Microsoft Visual Studio Solution File, Format Version 12.00
# Visual Studio Version 16
VisualStudioVersion = 16.0.29613.14
MinimumVisualStudioVersion = 10.0.40219.1
Project("{9A19103F-16F7-4668-BE54-9A1E7A4F7556}") = "OpenFTTH.TestNetworkSeeder", "OpenFTTH.TestNetworkSeeder\OpenFTTH.TestNetworkSeeder.csproj", "{36A431D4-4E8B-42B4-BA3E-FE2DEE7AD614}"
EndProject
Project("{9A19103F-16F7-4668-BE54-9A1E7A4F7556}") = "OpenFTTH.EventWatchAndFetch", "OpenFTTH.EventWatchAndFetch\OpenFTTH.EventWatchAndFetch.csproj", "{7E59B7C4-40C7-4721-BA51-97C0D3A0E59D}"
EndProject
Project("{9A19103F-16F7-4668-BE54-9A1E7A4F7556}") = "DAX.EventProcessing.Dispatcher", "..\..\csharp-util-event-processing\DAX.EventProcessing.Dispatcher\DAX.EventProcessing.Dispatcher.csproj", "{B23FEDDB-0B09-4B0A-92A5-69D682E55D12}"
EndProject
Project("{9A19103F-16F7-4668-BE54-9A1E7A4F7556}") = "DAX.EventProcessing.Serialization", "..\..\csharp-util-event-processing\DAX.EventProcessing.Serialization\DAX.EventProcessing.Serialization.csproj", "{CE1821B8-6251-4540-A01F-24A30A78AB52}"
EndProject
Project("{FAE04EC0-301F-11D3-BF4B-00C04F79EFBC}") = "OpenFTTH.RouteNetworkScenarioTester", "OpenFTTH.RouteNetworkScenarioTester\OpenFTTH.RouteNetworkScenarioTester.csproj", "{23DF59EE-BD23-48AD-ACC0-C75BDB08ECCB}"
EndProject
Project("{FAE04EC0-301F-11D3-BF4B-00C04F79EFBC}") = "OpenFTTH.Test.RouteNetworkDatabase", "OpenFTTH.Test.RouteNetworkDatabase\OpenFTTH.Test.RouteNetworkDatabase.csproj", "{4E838B74-B5F2-4B87-A95D-B333029A8281}"
EndProject
Global
	GlobalSection(SolutionConfigurationPlatforms) = preSolution
		Debug|Any CPU = Debug|Any CPU
		Release|Any CPU = Release|Any CPU
	EndGlobalSection
	GlobalSection(ProjectConfigurationPlatforms) = postSolution
		{36A431D4-4E8B-42B4-BA3E-FE2DEE7AD614}.Debug|Any CPU.ActiveCfg = Debug|Any CPU
		{36A431D4-4E8B-42B4-BA3E-FE2DEE7AD614}.Debug|Any CPU.Build.0 = Debug|Any CPU
		{36A431D4-4E8B-42B4-BA3E-FE2DEE7AD614}.Release|Any CPU.ActiveCfg = Release|Any CPU
		{36A431D4-4E8B-42B4-BA3E-FE2DEE7AD614}.Release|Any CPU.Build.0 = Release|Any CPU
		{7E59B7C4-40C7-4721-BA51-97C0D3A0E59D}.Debug|Any CPU.ActiveCfg = Debug|Any CPU
		{7E59B7C4-40C7-4721-BA51-97C0D3A0E59D}.Debug|Any CPU.Build.0 = Debug|Any CPU
		{7E59B7C4-40C7-4721-BA51-97C0D3A0E59D}.Release|Any CPU.ActiveCfg = Release|Any CPU
		{7E59B7C4-40C7-4721-BA51-97C0D3A0E59D}.Release|Any CPU.Build.0 = Release|Any CPU
		{B23FEDDB-0B09-4B0A-92A5-69D682E55D12}.Debug|Any CPU.ActiveCfg = Debug|Any CPU
		{B23FEDDB-0B09-4B0A-92A5-69D682E55D12}.Debug|Any CPU.Build.0 = Debug|Any CPU
		{B23FEDDB-0B09-4B0A-92A5-69D682E55D12}.Release|Any CPU.ActiveCfg = Release|Any CPU
		{B23FEDDB-0B09-4B0A-92A5-69D682E55D12}.Release|Any CPU.Build.0 = Release|Any CPU
		{CE1821B8-6251-4540-A01F-24A30A78AB52}.Debug|Any CPU.ActiveCfg = Debug|Any CPU
		{CE1821B8-6251-4540-A01F-24A30A78AB52}.Debug|Any CPU.Build.0 = Debug|Any CPU
		{CE1821B8-6251-4540-A01F-24A30A78AB52}.Release|Any CPU.ActiveCfg = Release|Any CPU
		{CE1821B8-6251-4540-A01F-24A30A78AB52}.Release|Any CPU.Build.0 = Release|Any CPU
		{23DF59EE-BD23-48AD-ACC0-C75BDB08ECCB}.Debug|Any CPU.ActiveCfg = Debug|Any CPU
		{23DF59EE-BD23-48AD-ACC0-C75BDB08ECCB}.Debug|Any CPU.Build.0 = Debug|Any CPU
		{23DF59EE-BD23-48AD-ACC0-C75BDB08ECCB}.Release|Any CPU.ActiveCfg = Release|Any CPU
		{23DF59EE-BD23-48AD-ACC0-C75BDB08ECCB}.Release|Any CPU.Build.0 = Release|Any CPU
		{4E838B74-B5F2-4B87-A95D-B333029A8281}.Debug|Any CPU.ActiveCfg = Debug|Any CPU
		{4E838B74-B5F2-4B87-A95D-B333029A8281}.Debug|Any CPU.Build.0 = Debug|Any CPU
		{4E838B74-B5F2-4B87-A95D-B333029A8281}.Release|Any CPU.ActiveCfg = Release|Any CPU
		{4E838B74-B5F2-4B87-A95D-B333029A8281}.Release|Any CPU.Build.0 = Release|Any CPU
	EndGlobalSection
	GlobalSection(SolutionProperties) = preSolution
		HideSolutionNode = FALSE
	EndGlobalSection
	GlobalSection(ExtensibilityGlobals) = postSolution
		SolutionGuid = {8690361E-430F-409C-A91B-AB4624815E32}
	EndGlobalSection
EndGlobal
